
Microsoft Visual Studio Solution File, Format Version 12.00
# Visual Studio Version 17
VisualStudioVersion = 17.11.35327.3
MinimumVisualStudioVersion = 10.0.40219.1
Project("{FAE04EC0-301F-11D3-BF4B-00C04F79EFBC}") = "set2Ex15", "set2Ex15.csproj", "{916890EF-FD15-4A3A-8AEE-BDEF27835130}"
EndProject
Global
	GlobalSection(SolutionConfigurationPlatforms) = preSolution
		Debug|Any CPU = Debug|Any CPU
		Release|Any CPU = Release|Any CPU
	EndGlobalSection
	GlobalSection(ProjectConfigurationPlatforms) = postSolution
		{916890EF-FD15-4A3A-8AEE-BDEF27835130}.Debug|Any CPU.ActiveCfg = Debug|Any CPU
		{916890EF-FD15-4A3A-8AEE-BDEF27835130}.Debug|Any CPU.Build.0 = Debug|Any CPU
		{916890EF-FD15-4A3A-8AEE-BDEF27835130}.Release|Any CPU.ActiveCfg = Release|Any CPU
		{916890EF-FD15-4A3A-8AEE-BDEF27835130}.Release|Any CPU.Build.0 = Release|Any CPU
	EndGlobalSection
	GlobalSection(SolutionProperties) = preSolution
		HideSolutionNode = FALSE
	EndGlobalSection
	GlobalSection(ExtensibilityGlobals) = postSolution
		SolutionGuid = {4D7DAB6D-5600-4E50-8FC0-A93274F16007}
	EndGlobalSection
EndGlobal
